// !$*UTF8*$!
{
	archiveVersion = 1;
	classes = {
	};
	objectVersion = 50;
	objects = {

/* Begin PBXBuildFile section */
		A674A69620A792DA00DEAD33 /* AppDelegate.swift in Sources */ = {isa = PBXBuildFile; fileRef = A674A69520A792DA00DEAD33 /* AppDelegate.swift */; };
		A674A69B20A792DA00DEAD33 /* Main.storyboard in Resources */ = {isa = PBXBuildFile; fileRef = A674A69920A792DA00DEAD33 /* Main.storyboard */; };
		A674A69D20A792DD00DEAD33 /* Assets.xcassets in Resources */ = {isa = PBXBuildFile; fileRef = A674A69C20A792DD00DEAD33 /* Assets.xcassets */; };
		A674A6A020A792DD00DEAD33 /* LaunchScreen.storyboard in Resources */ = {isa = PBXBuildFile; fileRef = A674A69E20A792DD00DEAD33 /* LaunchScreen.storyboard */; };
		A674A6AC20A7940300DEAD33 /* CategoryTableViewController.swift in Sources */ = {isa = PBXBuildFile; fileRef = A674A6AB20A7940300DEAD33 /* CategoryTableViewController.swift */; };
		A674A6B020A7949300DEAD33 /* ListTableViewController.swift in Sources */ = {isa = PBXBuildFile; fileRef = A674A6AF20A7949300DEAD33 /* ListTableViewController.swift */; };
/* End PBXBuildFile section */

/* Begin PBXFileReference section */
		A674A69220A792DA00DEAD33 /* MyListApp.app */ = {isa = PBXFileReference; explicitFileType = wrapper.application; includeInIndex = 0; path = MyListApp.app; sourceTree = BUILT_PRODUCTS_DIR; };
		A674A69520A792DA00DEAD33 /* AppDelegate.swift */ = {isa = PBXFileReference; lastKnownFileType = sourcecode.swift; path = AppDelegate.swift; sourceTree = "<group>"; };
		A674A69A20A792DA00DEAD33 /* Base */ = {isa = PBXFileReference; lastKnownFileType = file.storyboard; name = Base; path = Base.lproj/Main.storyboard; sourceTree = "<group>"; };
		A674A69C20A792DD00DEAD33 /* Assets.xcassets */ = {isa = PBXFileReference; lastKnownFileType = folder.assetcatalog; path = Assets.xcassets; sourceTree = "<group>"; };
		A674A69F20A792DD00DEAD33 /* Base */ = {isa = PBXFileReference; lastKnownFileType = file.storyboard; name = Base; path = Base.lproj/LaunchScreen.storyboard; sourceTree = "<group>"; };
		A674A6A120A792DD00DEAD33 /* Info.plist */ = {isa = PBXFileReference; lastKnownFileType = text.plist.xml; path = Info.plist; sourceTree = "<group>"; };
		A674A6AB20A7940300DEAD33 /* CategoryTableViewController.swift */ = {isa = PBXFileReference; lastKnownFileType = sourcecode.swift; path = CategoryTableViewController.swift; sourceTree = "<group>"; };
		A674A6AF20A7949300DEAD33 /* ListTableViewController.swift */ = {isa = PBXFileReference; lastKnownFileType = sourcecode.swift; path = ListTableViewController.swift; sourceTree = "<group>"; };
/* End PBXFileReference section */

/* Begin PBXFrameworksBuildPhase section */
		A674A68F20A792DA00DEAD33 /* Frameworks */ = {
			isa = PBXFrameworksBuildPhase;
			buildActionMask = 2147483647;
			files = (
			);
			runOnlyForDeploymentPostprocessing = 0;
		};
/* End PBXFrameworksBuildPhase section */

/* Begin PBXGroup section */
		A674A68920A792DA00DEAD33 = {
			isa = PBXGroup;
			children = (
				A674A69420A792DA00DEAD33 /* MyListApp */,
				A674A69320A792DA00DEAD33 /* Products */,
			);
			sourceTree = "<group>";
		};
		A674A69320A792DA00DEAD33 /* Products */ = {
			isa = PBXGroup;
			children = (
				A674A69220A792DA00DEAD33 /* MyListApp.app */,
			);
			name = Products;
			sourceTree = "<group>";
		};
		A674A69420A792DA00DEAD33 /* MyListApp */ = {
			isa = PBXGroup;
			children = (
				A674A6A920A7937400DEAD33 /* Model */,
				A674A6A820A7936200DEAD33 /* View */,
				A674A6AA20A7937F00DEAD33 /* Controller */,
				A674A69520A792DA00DEAD33 /* AppDelegate.swift */,
				A674A6A720A7935000DEAD33 /* Supporting Files */,
				A674A6A120A792DD00DEAD33 /* Info.plist */,
			);
			path = MyListApp;
			sourceTree = "<group>";
		};
		A674A6A720A7935000DEAD33 /* Supporting Files */ = {
			isa = PBXGroup;
			children = (
				A674A69C20A792DD00DEAD33 /* Assets.xcassets */,
			);
			path = "Supporting Files";
			sourceTree = "<group>";
		};
		A674A6A820A7936200DEAD33 /* View */ = {
			isa = PBXGroup;
			children = (
				A674A69920A792DA00DEAD33 /* Main.storyboard */,
				A674A69E20A792DD00DEAD33 /* LaunchScreen.storyboard */,
			);
			path = View;
			sourceTree = "<group>";
		};
		A674A6A920A7937400DEAD33 /* Model */ = {
			isa = PBXGroup;
			children = (
			);
			path = Model;
			sourceTree = "<group>";
		};
		A674A6AA20A7937F00DEAD33 /* Controller */ = {
			isa = PBXGroup;
			children = (
				A674A6AB20A7940300DEAD33 /* CategoryTableViewController.swift */,
				A674A6AF20A7949300DEAD33 /* ListTableViewController.swift */,
			);
			path = Controller;
			sourceTree = "<group>";
		};
/* End PBXGroup section */

/* Begin PBXNativeTarget section */
		A674A69120A792DA00DEAD33 /* MyListApp */ = {
			isa = PBXNativeTarget;
			buildConfigurationList = A674A6A420A792DD00DEAD33 /* Build configuration list for PBXNativeTarget "MyListApp" */;
			buildPhases = (
				A674A68E20A792DA00DEAD33 /* Sources */,
				A674A68F20A792DA00DEAD33 /* Frameworks */,
				A674A69020A792DA00DEAD33 /* Resources */,
			);
			buildRules = (
			);
			dependencies = (
			);
			name = MyListApp;
			productName = MyListApp;
			productReference = A674A69220A792DA00DEAD33 /* MyListApp.app */;
			productType = "com.apple.product-type.application";
		};
/* End PBXNativeTarget section */

/* Begin PBXProject section */
		A674A68A20A792DA00DEAD33 /* Project object */ = {
			isa = PBXProject;
			attributes = {
				LastSwiftUpdateCheck = 0930;
				LastUpgradeCheck = 0930;
				ORGANIZATIONNAME = "Kenneth Nagata";
				TargetAttributes = {
					A674A69120A792DA00DEAD33 = {
						CreatedOnToolsVersion = 9.3;
					};
				};
			};
			buildConfigurationList = A674A68D20A792DA00DEAD33 /* Build configuration list for PBXProject "MyListApp" */;
			compatibilityVersion = "Xcode 9.3";
			developmentRegion = en;
			hasScannedForEncodings = 0;
			knownRegions = (
				en,
				Base,
			);
			mainGroup = A674A68920A792DA00DEAD33;
			productRefGroup = A674A69320A792DA00DEAD33 /* Products */;
			projectDirPath = "";
			projectRoot = "";
			targets = (
				A674A69120A792DA00DEAD33 /* MyListApp */,
			);
		};
/* End PBXProject section */

/* Begin PBXResourcesBuildPhase section */
		A674A69020A792DA00DEAD33 /* Resources */ = {
			isa = PBXResourcesBuildPhase;
			buildActionMask = 2147483647;
			files = (
				A674A6A020A792DD00DEAD33 /* LaunchScreen.storyboard in Resources */,
				A674A69D20A792DD00DEAD33 /* Assets.xcassets in Resources */,
				A674A69B20A792DA00DEAD33 /* Main.storyboard in Resources */,
			);
			runOnlyForDeploymentPostprocessing = 0;
		};
/* End PBXResourcesBuildPhase section */

/* Begin PBXSourcesBuildPhase section */
		A674A68E20A792DA00DEAD33 /* Sources */ = {
			isa = PBXSourcesBuildPhase;
			buildActionMask = 2147483647;
			files = (
				A674A6B020A7949300DEAD33 /* ListTableViewController.swift in Sources */,
				A674A69620A792DA00DEAD33 /* AppDelegate.swift in Sources */,
				A674A6AC20A7940300DEAD33 /* CategoryTableViewController.swift in Sources */,
			);
			runOnlyForDeploymentPostprocessing = 0;
		};
/* End PBXSourcesBuildPhase section */

/* Begin PBXVariantGroup section */
		A674A69920A792DA00DEAD33 /* Main.storyboard */ = {
			isa = PBXVariantGroup;
			children = (
				A674A69A20A792DA00DEAD33 /* Base */,
			);
			name = Main.storyboard;
			sourceTree = "<group>";
		};
		A674A69E20A792DD00DEAD33 /* LaunchScreen.storyboard */ = {
			isa = PBXVariantGroup;
			children = (
				A674A69F20A792DD00DEAD33 /* Base */,
			);
			name = LaunchScreen.storyboard;
			sourceTree = "<group>";
		};
/* End PBXVariantGroup section */

/* Begin XCBuildConfiguration section */
		A674A6A220A792DD00DEAD33 /* Debug */ = {
			isa = XCBuildConfiguration;
			buildSettings = {
				ALWAYS_SEARCH_USER_PATHS = NO;
				CLANG_ANALYZER_NONNULL = YES;
				CLANG_ANALYZER_NUMBER_OBJECT_CONVERSION = YES_AGGRESSIVE;
				CLANG_CXX_LANGUAGE_STANDARD = "gnu++14";
				CLANG_CXX_LIBRARY = "libc++";
				CLANG_ENABLE_MODULES = YES;
				CLANG_ENABLE_OBJC_ARC = YES;
				CLANG_ENABLE_OBJC_WEAK = YES;
				CLANG_WARN_BLOCK_CAPTURE_AUTORELEASING = YES;
				CLANG_WARN_BOOL_CONVERSION = YES;
				CLANG_WARN_COMMA = YES;
				CLANG_WARN_CONSTANT_CONVERSION = YES;
				CLANG_WARN_DEPRECATED_OBJC_IMPLEMENTATIONS = YES;
				CLANG_WARN_DIRECT_OBJC_ISA_USAGE = YES_ERROR;
				CLANG_WARN_DOCUMENTATION_COMMENTS = YES;
				CLANG_WARN_EMPTY_BODY = YES;
				CLANG_WARN_ENUM_CONVERSION = YES;
				CLANG_WARN_INFINITE_RECURSION = YES;
				CLANG_WARN_INT_CONVERSION = YES;
				CLANG_WARN_NON_LITERAL_NULL_CONVERSION = YES;
				CLANG_WARN_OBJC_IMPLICIT_RETAIN_SELF = YES;
				CLANG_WARN_OBJC_LITERAL_CONVERSION = YES;
				CLANG_WARN_OBJC_ROOT_CLASS = YES_ERROR;
				CLANG_WARN_RANGE_LOOP_ANALYSIS = YES;
				CLANG_WARN_STRICT_PROTOTYPES = YES;
				CLANG_WARN_SUSPICIOUS_MOVE = YES;
				CLANG_WARN_UNGUARDED_AVAILABILITY = YES_AGGRESSIVE;
				CLANG_WARN_UNREACHABLE_CODE = YES;
				CLANG_WARN__DUPLICATE_METHOD_MATCH = YES;
				CODE_SIGN_IDENTITY = "iPhone Developer";
				COPY_PHASE_STRIP = NO;
				DEBUG_INFORMATION_FORMAT = dwarf;
				ENABLE_STRICT_OBJC_MSGSEND = YES;
				ENABLE_TESTABILITY = YES;
				GCC_C_LANGUAGE_STANDARD = gnu11;
				GCC_DYNAMIC_NO_PIC = NO;
				GCC_NO_COMMON_BLOCKS = YES;
				GCC_OPTIMIZATION_LEVEL = 0;
				GCC_PREPROCESSOR_DEFINITIONS = (
					"DEBUG=1",
					"$(inherited)",
				);
				GCC_WARN_64_TO_32_BIT_CONVERSION = YES;
				GCC_WARN_ABOUT_RETURN_TYPE = YES_ERROR;
				GCC_WARN_UNDECLARED_SELECTOR = YES;
				GCC_WARN_UNINITIALIZED_AUTOS = YES_AGGRESSIVE;
				GCC_WARN_UNUSED_FUNCTION = YES;
				GCC_WARN_UNUSED_VARIABLE = YES;
				IPHONEOS_DEPLOYMENT_TARGET = 11.3;
				MTL_ENABLE_DEBUG_INFO = YES;
				ONLY_ACTIVE_ARCH = YES;
				SDKROOT = iphoneos;
				SWIFT_ACTIVE_COMPILATION_CONDITIONS = DEBUG;
				SWIFT_OPTIMIZATION_LEVEL = "-Onone";
			};
			name = Debug;
		};
		A674A6A320A792DD00DEAD33 /* Release */ = {
			isa = XCBuildConfiguration;
			buildSettings = {
				ALWAYS_SEARCH_USER_PATHS = NO;
				CLANG_ANALYZER_NONNULL = YES;
				CLANG_ANALYZER_NUMBER_OBJECT_CONVERSION = YES_AGGRESSIVE;
				CLANG_CXX_LANGUAGE_STANDARD = "gnu++14";
				CLANG_CXX_LIBRARY = "libc++";
				CLANG_ENABLE_MODULES = YES;
				CLANG_ENABLE_OBJC_ARC = YES;
				CLANG_ENABLE_OBJC_WEAK = YES;
				CLANG_WARN_BLOCK_CAPTURE_AUTORELEASING = YES;
				CLANG_WARN_BOOL_CONVERSION = YES;
				CLANG_WARN_COMMA = YES;
				CLANG_WARN_CONSTANT_CONVERSION = YES;
				CLANG_WARN_DEPRECATED_OBJC_IMPLEMENTATIONS = YES;
				CLANG_WARN_DIRECT_OBJC_ISA_USAGE = YES_ERROR;
				CLANG_WARN_DOCUMENTATION_COMMENTS = YES;
				CLANG_WARN_EMPTY_BODY = YES;
				CLANG_WARN_ENUM_CONVERSION = YES;
				CLANG_WARN_INFINITE_RECURSION = YES;
				CLANG_WARN_INT_CONVERSION = YES;
				CLANG_WARN_NON_LITERAL_NULL_CONVERSION = YES;
				CLANG_WARN_OBJC_IMPLICIT_RETAIN_SELF = YES;
				CLANG_WARN_OBJC_LITERAL_CONVERSION = YES;
				CLANG_WARN_OBJC_ROOT_CLASS = YES_ERROR;
				CLANG_WARN_RANGE_LOOP_ANALYSIS = YES;
				CLANG_WARN_STRICT_PROTOTYPES = YES;
				CLANG_WARN_SUSPICIOUS_MOVE = YES;
				CLANG_WARN_UNGUARDED_AVAILABILITY = YES_AGGRESSIVE;
				CLANG_WARN_UNREACHABLE_CODE = YES;
				CLANG_WARN__DUPLICATE_METHOD_MATCH = YES;
				CODE_SIGN_IDENTITY = "iPhone Developer";
				COPY_PHASE_STRIP = NO;
				DEBUG_INFORMATION_FORMAT = "dwarf-with-dsym";
				ENABLE_NS_ASSERTIONS = NO;
				ENABLE_STRICT_OBJC_MSGSEND = YES;
				GCC_C_LANGUAGE_STANDARD = gnu11;
				GCC_NO_COMMON_BLOCKS = YES;
				GCC_WARN_64_TO_32_BIT_CONVERSION = YES;
				GCC_WARN_ABOUT_RETURN_TYPE = YES_ERROR;
				GCC_WARN_UNDECLARED_SELECTOR = YES;
				GCC_WARN_UNINITIALIZED_AUTOS = YES_AGGRESSIVE;
				GCC_WARN_UNUSED_FUNCTION = YES;
				GCC_WARN_UNUSED_VARIABLE = YES;
				IPHONEOS_DEPLOYMENT_TARGET = 11.3;
				MTL_ENABLE_DEBUG_INFO = NO;
				SDKROOT = iphoneos;
				SWIFT_COMPILATION_MODE = wholemodule;
				SWIFT_OPTIMIZATION_LEVEL = "-O";
				VALIDATE_PRODUCT = YES;
			};
			name = Release;
		};
		A674A6A520A792DD00DEAD33 /* Debug */ = {
			isa = XCBuildConfiguration;
			buildSettings = {
				ASSETCATALOG_COMPILER_APPICON_NAME = AppIcon;
				CODE_SIGN_STYLE = Automatic;
				DEVELOPMENT_TEAM = J3ZBL636E9;
				INFOPLIST_FILE = MyListApp/Info.plist;
				LD_RUNPATH_SEARCH_PATHS = (
					"$(inherited)",
					"@executable_path/Frameworks",
				);
				PRODUCT_BUNDLE_IDENTIFIER = com.nagatak.MyListApp;
				PRODUCT_NAME = "$(TARGET_NAME)";
				SWIFT_VERSION = 4.0;
				TARGETED_DEVICE_FAMILY = "1,2";
			};
			name = Debug;
		};
		A674A6A620A792DD00DEAD33 /* Release */ = {
			isa = XCBuildConfiguration;
			buildSettings = {
				ASSETCATALOG_COMPILER_APPICON_NAME = AppIcon;
				CODE_SIGN_STYLE = Automatic;
				DEVELOPMENT_TEAM = J3ZBL636E9;
				INFOPLIST_FILE = MyListApp/Info.plist;
				LD_RUNPATH_SEARCH_PATHS = (
					"$(inherited)",
					"@executable_path/Frameworks",
				);
				PRODUCT_BUNDLE_IDENTIFIER = com.nagatak.MyListApp;
				PRODUCT_NAME = "$(TARGET_NAME)";
				SWIFT_VERSION = 4.0;
				TARGETED_DEVICE_FAMILY = "1,2";
			};
			name = Release;
		};
/* End XCBuildConfiguration section */

/* Begin XCConfigurationList section */
		A674A68D20A792DA00DEAD33 /* Build configuration list for PBXProject "MyListApp" */ = {
			isa = XCConfigurationList;
			buildConfigurations = (
				A674A6A220A792DD00DEAD33 /* Debug */,
				A674A6A320A792DD00DEAD33 /* Release */,
			);
			defaultConfigurationIsVisible = 0;
			defaultConfigurationName = Release;
		};
		A674A6A420A792DD00DEAD33 /* Build configuration list for PBXNativeTarget "MyListApp" */ = {
			isa = XCConfigurationList;
			buildConfigurations = (
				A674A6A520A792DD00DEAD33 /* Debug */,
				A674A6A620A792DD00DEAD33 /* Release */,
			);
			defaultConfigurationIsVisible = 0;
			defaultConfigurationName = Release;
		};
/* End XCConfigurationList section */
	};
	rootObject = A674A68A20A792DA00DEAD33 /* Project object */;
}
